
Microsoft Visual Studio Solution File, Format Version 12.00
# Visual Studio Version 17
VisualStudioVersion = 17.13.35931.197 d17.13
MinimumVisualStudioVersion = 10.0.40219.1
Project("{FAE04EC0-301F-11D3-BF4B-00C04F79EFBC}") = "Monkey", "Monkey.csproj", "{AC14D2D0-74A5-4E58-B41B-FB049E05B07B}"
EndProject
Global
	GlobalSection(SolutionConfigurationPlatforms) = preSolution
		Debug|Any CPU = Debug|Any CPU
		Release|Any CPU = Release|Any CPU
	EndGlobalSection
	GlobalSection(ProjectConfigurationPlatforms) = postSolution
		{AC14D2D0-74A5-4E58-B41B-FB049E05B07B}.Debug|Any CPU.ActiveCfg = Debug|Any CPU
		{AC14D2D0-74A5-4E58-B41B-FB049E05B07B}.Debug|Any CPU.Build.0 = Debug|Any CPU
		{AC14D2D0-74A5-4E58-B41B-FB049E05B07B}.Release|Any CPU.ActiveCfg = Release|Any CPU
		{AC14D2D0-74A5-4E58-B41B-FB049E05B07B}.Release|Any CPU.Build.0 = Release|Any CPU
	EndGlobalSection
	GlobalSection(SolutionProperties) = preSolution
		HideSolutionNode = FALSE
	EndGlobalSection
	GlobalSection(ExtensibilityGlobals) = postSolution
		SolutionGuid = {4F0BF8AF-1776-4036-8216-9863C59ECCD2}
	EndGlobalSection
EndGlobal
